
Microsoft Visual Studio Solution File, Format Version 12.00
# Visual Studio Version 17
VisualStudioVersion = 17.14.36518.9 d17.14
MinimumVisualStudioVersion = 10.0.40219.1
Project("{FAE04EC0-301F-11D3-BF4B-00C04F79EFBC}") = "NeuralNetworks", "NeuralNetworks\NeuralNetworks.csproj", "{BAE37A28-680E-4A6C-9F9E-8CB7880A463E}"
EndProject
Project("{FAE04EC0-301F-11D3-BF4B-00C04F79EFBC}") = "MyNewProgram", "MyNewProgram\MyNewProgram.csproj", "{201D6E57-1801-4B5D-92DD-B2F16D7BE99A}"
EndProject
Project("{FAE04EC0-301F-11D3-BF4B-00C04F79EFBC}") = "Flappy Game", "Flappy Game\Flappy Game.csproj", "{1076E069-3558-4121-BF8A-CB5CC6491088}"
EndProject
Global
	GlobalSection(SolutionConfigurationPlatforms) = preSolution
		Debug|Any CPU = Debug|Any CPU
		Release|Any CPU = Release|Any CPU
	EndGlobalSection
	GlobalSection(ProjectConfigurationPlatforms) = postSolution
		{BAE37A28-680E-4A6C-9F9E-8CB7880A463E}.Debug|Any CPU.ActiveCfg = Debug|Any CPU
		{BAE37A28-680E-4A6C-9F9E-8CB7880A463E}.Debug|Any CPU.Build.0 = Debug|Any CPU
		{BAE37A28-680E-4A6C-9F9E-8CB7880A463E}.Release|Any CPU.ActiveCfg = Release|Any CPU
		{BAE37A28-680E-4A6C-9F9E-8CB7880A463E}.Release|Any CPU.Build.0 = Release|Any CPU
		{201D6E57-1801-4B5D-92DD-B2F16D7BE99A}.Debug|Any CPU.ActiveCfg = Debug|Any CPU
		{201D6E57-1801-4B5D-92DD-B2F16D7BE99A}.Debug|Any CPU.Build.0 = Debug|Any CPU
		{201D6E57-1801-4B5D-92DD-B2F16D7BE99A}.Release|Any CPU.ActiveCfg = Release|Any CPU
		{201D6E57-1801-4B5D-92DD-B2F16D7BE99A}.Release|Any CPU.Build.0 = Release|Any CPU
		{1076E069-3558-4121-BF8A-CB5CC6491088}.Debug|Any CPU.ActiveCfg = Debug|Any CPU
		{1076E069-3558-4121-BF8A-CB5CC6491088}.Debug|Any CPU.Build.0 = Debug|Any CPU
		{1076E069-3558-4121-BF8A-CB5CC6491088}.Release|Any CPU.ActiveCfg = Release|Any CPU
		{1076E069-3558-4121-BF8A-CB5CC6491088}.Release|Any CPU.Build.0 = Release|Any CPU
	EndGlobalSection
	GlobalSection(SolutionProperties) = preSolution
		HideSolutionNode = FALSE
	EndGlobalSection
	GlobalSection(ExtensibilityGlobals) = postSolution
		SolutionGuid = {101206DF-DAF5-4C3C-9400-36D94965E9D6}
	EndGlobalSection
EndGlobal
